
Microsoft Visual Studio Solution File, Format Version 12.00
Project("{FAE04EC0-301F-11D3-BF4B-00C04F79EFBC}") = "DotNetDev.Api", "DotNetDev.Api\DotNetDev.Api.csproj", "{1E890644-D9EE-423A-B8D9-6451B7677552}"
EndProject
Global
	GlobalSection(SolutionConfigurationPlatforms) = preSolution
		Debug|Any CPU = Debug|Any CPU
		Release|Any CPU = Release|Any CPU
	EndGlobalSection
	GlobalSection(ProjectConfigurationPlatforms) = postSolution
		{1E890644-D9EE-423A-B8D9-6451B7677552}.Debug|Any CPU.ActiveCfg = Debug|Any CPU
		{1E890644-D9EE-423A-B8D9-6451B7677552}.Debug|Any CPU.Build.0 = Debug|Any CPU
		{1E890644-D9EE-423A-B8D9-6451B7677552}.Release|Any CPU.ActiveCfg = Release|Any CPU
		{1E890644-D9EE-423A-B8D9-6451B7677552}.Release|Any CPU.Build.0 = Release|Any CPU
	EndGlobalSection
EndGlobal
